
Microsoft Visual Studio Solution File, Format Version 12.00
# Visual Studio Version 17
VisualStudioVersion = 17.11.35312.102
MinimumVisualStudioVersion = 10.0.40219.1
Project("{FAE04EC0-301F-11D3-BF4B-00C04F79EFBC}") = "api", "api.csproj", "{6C1B1019-89DF-473A-A3FE-DF6480F787D8}"
EndProject
Global
	GlobalSection(SolutionConfigurationPlatforms) = preSolution
		Debug|Any CPU = Debug|Any CPU
		Release|Any CPU = Release|Any CPU
	EndGlobalSection
	GlobalSection(ProjectConfigurationPlatforms) = postSolution
		{6C1B1019-89DF-473A-A3FE-DF6480F787D8}.Debug|Any CPU.ActiveCfg = Debug|Any CPU
		{6C1B1019-89DF-473A-A3FE-DF6480F787D8}.Debug|Any CPU.Build.0 = Debug|Any CPU
		{6C1B1019-89DF-473A-A3FE-DF6480F787D8}.Release|Any CPU.ActiveCfg = Release|Any CPU
		{6C1B1019-89DF-473A-A3FE-DF6480F787D8}.Release|Any CPU.Build.0 = Release|Any CPU
	EndGlobalSection
	GlobalSection(SolutionProperties) = preSolution
		HideSolutionNode = FALSE
	EndGlobalSection
	GlobalSection(ExtensibilityGlobals) = postSolution
		SolutionGuid = {A1069341-68C2-40D6-BB4C-BBD78D8E5209}
	EndGlobalSection
EndGlobal
